
Microsoft Visual Studio Solution File, Format Version 12.00
# Visual Studio Version 17
VisualStudioVersion = 17.7.34031.279
MinimumVisualStudioVersion = 10.0.40219.1
Project("{8BC9CEB8-8B4A-11D0-8D11-00A0C91BC942}") = "szablon", "szablon.vcxproj", "{CEEDA680-ADB7-4048-B85A-2C3C4D69AB0F}"
EndProject
Global
	GlobalSection(SolutionConfigurationPlatforms) = preSolution
		Debug|x64 = Debug|x64
		Debug|x86 = Debug|x86
		Release|x64 = Release|x64
		Release|x86 = Release|x86
	EndGlobalSection
	GlobalSection(ProjectConfigurationPlatforms) = postSolution
		{CEEDA680-ADB7-4048-B85A-2C3C4D69AB0F}.Debug|x64.ActiveCfg = Debug|x64
		{CEEDA680-ADB7-4048-B85A-2C3C4D69AB0F}.Debug|x64.Build.0 = Debug|x64
		{CEEDA680-ADB7-4048-B85A-2C3C4D69AB0F}.Debug|x86.ActiveCfg = Debug|Win32
		{CEEDA680-ADB7-4048-B85A-2C3C4D69AB0F}.Debug|x86.Build.0 = Debug|Win32
		{CEEDA680-ADB7-4048-B85A-2C3C4D69AB0F}.Release|x64.ActiveCfg = Release|x64
		{CEEDA680-ADB7-4048-B85A-2C3C4D69AB0F}.Release|x64.Build.0 = Release|x64
		{CEEDA680-ADB7-4048-B85A-2C3C4D69AB0F}.Release|x86.ActiveCfg = Release|Win32
		{CEEDA680-ADB7-4048-B85A-2C3C4D69AB0F}.Release|x86.Build.0 = Release|Win32
	EndGlobalSection
	GlobalSection(SolutionProperties) = preSolution
		HideSolutionNode = FALSE
	EndGlobalSection
	GlobalSection(ExtensibilityGlobals) = postSolution
		SolutionGuid = {DC3D0D87-2AD0-4773-A7A2-DEDE0C1D44E5}
	EndGlobalSection
EndGlobal
